
Microsoft Visual Studio Solution File, Format Version 12.00
# Visual Studio Version 16
VisualStudioVersion = 16.0.30204.135
MinimumVisualStudioVersion = 10.0.40219.1
Project("{F2A71F9B-5D33-465A-A702-920D77279786}") = "StatisticsStepik", "StatisticsStepik\StatisticsStepik.fsproj", "{9FDBA838-9F9D-491C-86D3-6A7115DBE7DA}"
EndProject
Global
	GlobalSection(SolutionConfigurationPlatforms) = preSolution
		Debug|Any CPU = Debug|Any CPU
		Release|Any CPU = Release|Any CPU
	EndGlobalSection
	GlobalSection(ProjectConfigurationPlatforms) = postSolution
		{9FDBA838-9F9D-491C-86D3-6A7115DBE7DA}.Debug|Any CPU.ActiveCfg = Debug|Any CPU
		{9FDBA838-9F9D-491C-86D3-6A7115DBE7DA}.Debug|Any CPU.Build.0 = Debug|Any CPU
		{9FDBA838-9F9D-491C-86D3-6A7115DBE7DA}.Release|Any CPU.ActiveCfg = Release|Any CPU
		{9FDBA838-9F9D-491C-86D3-6A7115DBE7DA}.Release|Any CPU.Build.0 = Release|Any CPU
	EndGlobalSection
	GlobalSection(SolutionProperties) = preSolution
		HideSolutionNode = FALSE
	EndGlobalSection
	GlobalSection(ExtensibilityGlobals) = postSolution
		SolutionGuid = {1FF638B9-8B01-47A0-97ED-FF76257930CE}
	EndGlobalSection
EndGlobal
